{
  "version": "5",
  "specifiers": {
    "jsr:@deno/cache-dir@0.13.2": "0.13.2",
    "jsr:@deno/emit@*": "0.46.0",
    "jsr:@deno/emit@0.46": "0.46.0",
    "jsr:@deno/graph@~0.73.1": "0.73.1",
    "jsr:@std/assert@0.223": "0.223.0",
    "jsr:@std/assert@1": "1.0.14",
    "jsr:@std/assert@^1.0.13": "1.0.14",
    "jsr:@std/async@^1.0.14": "1.0.14",
    "jsr:@std/bytes@0.223": "0.223.0",
    "jsr:@std/data-structures@^1.0.9": "1.0.9",
    "jsr:@std/fmt@0.223": "0.223.0",
    "jsr:@std/fs@0.223": "0.223.0",
    "jsr:@std/fs@^1.0.19": "1.0.19",
    "jsr:@std/internal@^1.0.10": "1.0.10",
    "jsr:@std/io@0.223": "0.223.0",
    "jsr:@std/path@*": "0.223.0",
    "jsr:@std/path@0.223": "0.223.0",
    "jsr:@std/path@^1.1.1": "1.1.2",
    "jsr:@std/path@^1.1.2": "1.1.2",
    "jsr:@std/testing@^1.0.15": "1.0.15",
    "npm:lefthook@1.13.6": "1.13.6",
    "npm:lefthook@^1.13.6": "1.13.6",
    "npm:preact-render-to-string@6.6.2": "6.6.2_preact@10.27.2",
    "npm:preact@10.27.2": "10.27.2"
  },
  "jsr": {
    "@deno/cache-dir@0.13.2": {
      "integrity": "c22419dfe27ab85f345bee487aaaadba498b005cce3644e9d2528db035c5454d",
      "dependencies": [
        "jsr:@deno/graph",
        "jsr:@std/fmt",
        "jsr:@std/fs@0.223",
        "jsr:@std/io",
        "jsr:@std/path@0.223"
      ]
    },
    "@deno/emit@0.46.0": {
      "integrity": "e276be2c77bac1b93caf775762e2a49a54cb00da2d48ca2b01ed8d7cba9d082c",
      "dependencies": [
        "jsr:@deno/cache-dir",
        "jsr:@std/path@0.223"
      ]
    },
    "@deno/graph@0.73.1": {
      "integrity": "cd69639d2709d479037d5ce191a422eabe8d71bb68b0098344f6b07411c84d41"
    },
    "@std/assert@0.223.0": {
      "integrity": "eb8d6d879d76e1cc431205bd346ed4d88dc051c6366365b1af47034b0670be24"
    },
    "@std/assert@1.0.14": {
      "integrity": "68d0d4a43b365abc927f45a9b85c639ea18a9fab96ad92281e493e4ed84abaa4",
      "dependencies": [
        "jsr:@std/internal"
      ]
    },
    "@std/async@1.0.14": {
      "integrity": "62e954a418652c704d37563a3e54a37d4cf0268a9dcaeac1660cc652880b5326"
    },
    "@std/bytes@0.223.0": {
      "integrity": "84b75052cd8680942c397c2631318772b295019098f40aac5c36cead4cba51a8"
    },
    "@std/data-structures@1.0.9": {
      "integrity": "033d6e17e64bf1f84a614e647c1b015fa2576ae3312305821e1a4cb20674bb4d"
    },
    "@std/fmt@0.223.0": {
      "integrity": "6deb37794127dfc7d7bded2586b9fc6f5d50e62a8134846608baf71ffc1a5208"
    },
    "@std/fs@0.223.0": {
      "integrity": "3b4b0550b2c524cbaaa5a9170c90e96cbb7354e837ad1bdaf15fc9df1ae9c31c"
    },
    "@std/fs@1.0.19": {
      "integrity": "051968c2b1eae4d2ea9f79a08a3845740ef6af10356aff43d3e2ef11ed09fb06",
      "dependencies": [
        "jsr:@std/path@^1.1.1"
      ]
    },
    "@std/internal@1.0.10": {
      "integrity": "e3be62ce42cab0e177c27698e5d9800122f67b766a0bea6ca4867886cbde8cf7"
    },
    "@std/io@0.223.0": {
      "integrity": "2d8c3c2ab3a515619b90da2c6ff5ea7b75a94383259ef4d02116b228393f84f1",
      "dependencies": [
        "jsr:@std/assert@0.223",
        "jsr:@std/bytes"
      ]
    },
    "@std/path@0.223.0": {
      "integrity": "593963402d7e6597f5a6e620931661053572c982fc014000459edc1f93cc3989",
      "dependencies": [
        "jsr:@std/assert@0.223"
      ]
    },
    "@std/path@1.1.2": {
      "integrity": "c0b13b97dfe06546d5e16bf3966b1cadf92e1cc83e56ba5476ad8b498d9e3038",
      "dependencies": [
        "jsr:@std/internal"
      ]
    },
    "@std/testing@1.0.15": {
      "integrity": "a490169f5ccb0f3ae9c94fbc69d2cd43603f2cffb41713a85f99bbb0e3087cbc",
      "dependencies": [
        "jsr:@std/assert@^1.0.13",
        "jsr:@std/data-structures",
        "jsr:@std/fs@^1.0.19",
        "jsr:@std/internal",
        "jsr:@std/path@^1.1.1"
      ]
    }
  },
  "npm": {
    "lefthook-darwin-arm64@1.13.6": {
      "integrity": "sha512-m6Lb77VGc84/Qo21Lhq576pEvcgFCnvloEiP02HbAHcIXD0RTLy9u2yAInrixqZeaz13HYtdDaI7OBYAAdVt8A==",
      "os": ["darwin"],
      "cpu": ["arm64"]
    },
    "lefthook-darwin-x64@1.13.6": {
      "integrity": "sha512-CoRpdzanu9RK3oXR1vbEJA5LN7iB+c7hP+sONeQJzoOXuq4PNKVtEaN84Gl1BrVtCNLHWFAvCQaZPPiiXSy8qg==",
      "os": ["darwin"],
      "cpu": ["x64"]
    },
    "lefthook-freebsd-arm64@1.13.6": {
      "integrity": "sha512-X4A7yfvAJ68CoHTqP+XvQzdKbyd935sYy0bQT6Ajz7FL1g7hFiro8dqHSdPdkwei9hs8hXeV7feyTXbYmfjKQQ==",
      "os": ["freebsd"],
      "cpu": ["arm64"]
    },
    "lefthook-freebsd-x64@1.13.6": {
      "integrity": "sha512-ai2m+Sj2kGdY46USfBrCqLKe9GYhzeq01nuyDYCrdGISePeZ6udOlD1k3lQKJGQCHb0bRz4St0r5nKDSh1x/2A==",
      "os": ["freebsd"],
      "cpu": ["x64"]
    },
    "lefthook-linux-arm64@1.13.6": {
      "integrity": "sha512-cbo4Wtdq81GTABvikLORJsAWPKAJXE8Q5RXsICFUVznh5PHigS9dFW/4NXywo0+jfFPCT6SYds2zz4tCx6DA0Q==",
      "os": ["linux"],
      "cpu": ["arm64"]
    },
    "lefthook-linux-x64@1.13.6": {
      "integrity": "sha512-uJl9vjCIIBTBvMZkemxCE+3zrZHlRO7Oc+nZJ+o9Oea3fu+W82jwX7a7clw8jqNfaeBS+8+ZEQgiMHWCloTsGw==",
      "os": ["linux"],
      "cpu": ["x64"]
    },
    "lefthook-openbsd-arm64@1.13.6": {
      "integrity": "sha512-7r153dxrNRQ9ytRs2PmGKKkYdvZYFPre7My7XToSTiRu5jNCq++++eAKVkoyWPduk97dGIA+YWiEr5Noe0TK2A==",
      "os": ["openbsd"],
      "cpu": ["arm64"]
    },
    "lefthook-openbsd-x64@1.13.6": {
      "integrity": "sha512-Z+UhLlcg1xrXOidK3aLLpgH7KrwNyWYE3yb7ITYnzJSEV8qXnePtVu8lvMBHs/myzemjBzeIr/U/+ipjclR06g==",
      "os": ["openbsd"],
      "cpu": ["x64"]
    },
    "lefthook-windows-arm64@1.13.6": {
      "integrity": "sha512-Uxef6qoDxCmUNQwk8eBvddYJKSBFglfwAY9Y9+NnnmiHpWTjjYiObE9gT2mvGVpEgZRJVAatBXc+Ha5oDD/OgQ==",
      "os": ["win32"],
      "cpu": ["arm64"]
    },
    "lefthook-windows-x64@1.13.6": {
      "integrity": "sha512-mOZoM3FQh3o08M8PQ/b3IYuL5oo36D9ehczIw1dAgp1Ly+Tr4fJ96A+4SEJrQuYeRD4mex9bR7Ps56I73sBSZA==",
      "os": ["win32"],
      "cpu": ["x64"]
    },
    "lefthook@1.13.6": {
      "integrity": "sha512-ojj4/4IJ29Xn4drd5emqVgilegAPN3Kf0FQM2p/9+lwSTpU+SZ1v4Ig++NF+9MOa99UKY8bElmVrLhnUUNFh5g==",
      "optionalDependencies": [
        "lefthook-darwin-arm64",
        "lefthook-darwin-x64",
        "lefthook-freebsd-arm64",
        "lefthook-freebsd-x64",
        "lefthook-linux-arm64",
        "lefthook-linux-x64",
        "lefthook-openbsd-arm64",
        "lefthook-openbsd-x64",
        "lefthook-windows-arm64",
        "lefthook-windows-x64"
      ],
      "scripts": true,
      "bin": true
    },
    "preact-render-to-string@6.6.2_preact@10.27.2": {
      "integrity": "sha512-VJ++Pkzv6+ZOmeN/9Qvx0mRdXqnei1Lo3uu9bGvYHhoMI1VUkDT44hcpGbiokl/kuuYTayYa3yvmYTLZMplfMA==",
      "dependencies": [
        "preact"
      ]
    },
    "preact@10.27.2": {
      "integrity": "sha512-5SYSgFKSyhCbk6SrXyMpqjb5+MQBgfvEKE/OC+PujcY34sOpqtr+0AZQtPYx5IA6VxynQ7rUPCtKzyovpj9Bpg=="
    }
  },
  "redirects": {
    "https://esm.sh/@jsr/deno__emit@^0.46.0?target=denonext": "https://esm.sh/jsr/@deno/emit@0.46.0?target=denonext",
    "https://esm.sh/@jsr/std__assert@^0.223.0/assert?target=denonext": "https://esm.sh/jsr/@std/assert@0.223.0/assert?target=denonext",
    "https://esm.sh/@jsr/std__bytes@^0.223.0/concat?target=denonext": "https://esm.sh/jsr/@std/bytes@0.223.0/concat?target=denonext",
    "https://esm.sh/@jsr/std__bytes@^0.223.0/copy?target=denonext": "https://esm.sh/jsr/@std/bytes@0.223.0/copy?target=denonext",
    "https://esm.sh/@jsr/std__fmt@^0.223/colors?target=denonext": "https://esm.sh/jsr/@std/fmt@0.223.0/colors?target=denonext",
    "https://esm.sh/@jsr/std__fs@^0.223/ensure-dir?target=denonext": "https://esm.sh/jsr/@std/fs@0.223.0/ensure-dir?target=denonext",
    "https://esm.sh/@jsr/std__io@^0.223?target=denonext": "https://esm.sh/jsr/@std/io@0.223.0?target=denonext",
    "https://esm.sh/@jsr/std__path@^0.223.0?target=denonext": "https://esm.sh/jsr/@std/path@0.223.0?target=denonext",
    "https://esm.sh/@jsr/std__path@^0.223?target=denonext": "https://esm.sh/jsr/@std/path@0.223.0?target=denonext",
    "https://esm.sh/jsr/@d2verb/pera": "https://esm.sh/jsr/@d2verb/pera@0.0.8-alpha.1",
    "https://esm.sh/jsr/@d2verb/pera?deps=preact@10.27.2,preact-render-to-string@6.6.2": "https://esm.sh/jsr/@d2verb/pera@0.0.10?deps=preact@10.27.2,preact-render-to-string@6.6.2",
    "https://esm.sh/preact/hooks": "https://esm.sh/preact@10.27.2/hooks",
    "https://esm.sh/preact/jsx-runtime": "https://esm.sh/preact@10.27.2/jsx-runtime",
    "https://esm.sh/preact@10": "https://esm.sh/preact@10.27.2",
    "https://esm.sh/preact@10/hooks": "https://esm.sh/preact@10.27.2/hooks",
    "https://esm.sh/preact@10/jsx-runtime": "https://esm.sh/preact@10.27.2/jsx-runtime",
    "https://esm.sh/preact@^11.0.0-experimental.1?target=denonext": "https://esm.sh/preact@11.0.0-experimental.1?target=denonext"
  },
  "remote": {
    "https://esm.sh/@jsr/d2verb__pera@0.0.8-alpha.1/denonext/d2verb__pera.mjs": "69fe8bfa896c0d770af1d411cebeba7cb03b205db3cb1db7383e07b751349b5f",
    "https://esm.sh/@jsr/d2verb__pera@0.0.8-alpha.1/denonext/src/server.mjs": "eb72615a251b33e1e4be4beb271aedaadedd35e315dd4de1623791ed5ca4ea6d",
    "https://esm.sh/@jsr/deno__cache-dir@0.13.2/denonext/deno__cache-dir.mjs": "dad1d31a3c26f3325ea091c9f405479642b06393208c9f10d7b3a58a6253244c",
    "https://esm.sh/@jsr/deno__emit@0.46.0/denonext/deno__emit.mjs": "6d57329345131448790d95bda02e4e847c3c2a4bece9d1a9e4c789a28e11137b",
    "https://esm.sh/@jsr/std__assert@0.223.0/denonext/assert.mjs": "cec18eef5a135934e7f65f17ff4f1512020bdd956dc0ea68f6b1072d46815ee1",
    "https://esm.sh/@jsr/std__assert@0.223.0/denonext/assertion-error.mjs": "d8fc2b78423717b3bb113947e02fe108895bcc927a51445d2d5c582bca370f53",
    "https://esm.sh/@jsr/std__bytes@0.223.0/denonext/concat.mjs": "cefc492d1a25ada628d584c72824b7300b3ee9fe997bdc634330f241bd2c13eb",
    "https://esm.sh/@jsr/std__bytes@0.223.0/denonext/copy.mjs": "bf667e0292fc98d40f2eefb203702c98e6fad12eef7b7581f3fd9456bdb624e0",
    "https://esm.sh/@jsr/std__fmt@0.223.0/denonext/colors.mjs": "461e9a1dff81880de4a3fae1a141b411d17d3fc32ddc501b540bf2495f51b44f",
    "https://esm.sh/@jsr/std__fs@0.223.0/denonext/_get_file_info_type.mjs": "66e5f211da37d2c837e990fe2890cc753fd2c85fd7c3d3373fda10f3438f38d5",
    "https://esm.sh/@jsr/std__fs@0.223.0/denonext/ensure-dir.mjs": "79ac53845800b7bfd6d1402c61c4a1f1b7429f89d564fe71d6af0e7cd0b261de",
    "https://esm.sh/@jsr/std__io@0.223.0/denonext/_common.mjs": "8e8f8f367684341eedfa7a922072593bf536c9cafc6d9e4313b6bb986da9df56",
    "https://esm.sh/@jsr/std__io@0.223.0/denonext/_constants.mjs": "3fb1668833aac0627dcc500716cfc38e2da7ad6307ef824732401efaea857582",
    "https://esm.sh/@jsr/std__io@0.223.0/denonext/buf-reader.mjs": "f971c11bd7f39f44fd0c5636f0986cad4b3a4452f253de2f9c6226e3034aa37a",
    "https://esm.sh/@jsr/std__io@0.223.0/denonext/buf-writer.mjs": "40701529e774b2e4337f2cdfaefcddd4751ea174dbcab79baa33792425b2655a",
    "https://esm.sh/@jsr/std__io@0.223.0/denonext/buffer.mjs": "0849d8dae9f90c877633ed2d8a39d0b15cab73fe1a7a3391f7293580720c7be6",
    "https://esm.sh/@jsr/std__io@0.223.0/denonext/copy-n.mjs": "3002374cccd24dfd337685e90515c9c61921a4e28410728a23baa774be96009b",
    "https://esm.sh/@jsr/std__io@0.223.0/denonext/copy.mjs": "9f37aaa1f7d24b40e6c05c130f171140bfd603be6a31956e84a11bfdb4c1efbb",
    "https://esm.sh/@jsr/std__io@0.223.0/denonext/iterate-reader.mjs": "24b0d5e21fbffd7da80d061040a2c1c34a3bba90d192a34d3f09529b305588ef",
    "https://esm.sh/@jsr/std__io@0.223.0/denonext/limited-reader.mjs": "909fe4493d5e374023c1f0afeca6cfda0b0a1f394fe35735034dd722ecf71b13",
    "https://esm.sh/@jsr/std__io@0.223.0/denonext/multi-reader.mjs": "25ad7852053eef3d53306279ea5cdbe0ee96d46d1c5fba0bc509a9c6eb971c04",
    "https://esm.sh/@jsr/std__io@0.223.0/denonext/read-all.mjs": "50baa844aa61219d49185fd19d15049f2cd9052c289cf4b01ed676c642d5d264",
    "https://esm.sh/@jsr/std__io@0.223.0/denonext/read-delim.mjs": "5b5f041a24679f32b99d65cac9cbe40e55b8fc2da9f80ae2b08394eee17e7744",
    "https://esm.sh/@jsr/std__io@0.223.0/denonext/read-int.mjs": "f9887efca885a22a4d81ad576b4caabcd29e4f5f5fb8e63c2e8c3bf83481b4df",
    "https://esm.sh/@jsr/std__io@0.223.0/denonext/read-lines.mjs": "241ffb2aa8ce1798ed53cf3efdd25d409b1089b866c1aad283a7a274d18efb54",
    "https://esm.sh/@jsr/std__io@0.223.0/denonext/read-long.mjs": "d65bd83140b9eb531412b26ac6983fe21fdc724415fb1835eb3d0583534595a6",
    "https://esm.sh/@jsr/std__io@0.223.0/denonext/read-range.mjs": "7cd4ca7e5b3377ef37dca99b09540e263745c330e0172f7665dc275073f35542",
    "https://esm.sh/@jsr/std__io@0.223.0/denonext/read-short.mjs": "05e869a95b195bbfb2ef49d1e1d95d3e1fea4454f110423f093d7632122e1fcc",
    "https://esm.sh/@jsr/std__io@0.223.0/denonext/read-string-delim.mjs": "331040637fa7ad3dbd7873bdfdd6b64c4648f09700df74eb5435aeda5c626e10",
    "https://esm.sh/@jsr/std__io@0.223.0/denonext/reader-from-stream-reader.mjs": "2aef4d8873671ea1012bda9600b2968e2b1db8d71f5a896ee1e49c9b9ac7614e",
    "https://esm.sh/@jsr/std__io@0.223.0/denonext/slice-long-to-bytes.mjs": "e4ce6cb0725613561860ab86a5c5d49ef7d0b4bb9bf111746f1574d207f37ace",
    "https://esm.sh/@jsr/std__io@0.223.0/denonext/std__io.mjs": "daaa6eb9490272c2d4ed598be887b1764ad9ab3f6cbc55af12c1b01760dc7aa2",
    "https://esm.sh/@jsr/std__io@0.223.0/denonext/string-reader.mjs": "1857b62679911b1c20321e44d3a5e47dfa1cfac850ff8d829b1c72b0de8bb1d6",
    "https://esm.sh/@jsr/std__io@0.223.0/denonext/string-writer.mjs": "d45d63420c53da223ccb9debdf1c9dc412d41451ca9582d57fed6e88b77274ab",
    "https://esm.sh/@jsr/std__io@0.223.0/denonext/to-readable-stream.mjs": "9013330e53e78535da5a43470b31e7f8f9442400c66aeabc2fa59c8b1c2d9653",
    "https://esm.sh/@jsr/std__io@0.223.0/denonext/to-writable-stream.mjs": "bf8b9a7d5042f7b3ec37e4e403d5e460858b9dbd4209ddd6c22990ceffc53dcb",
    "https://esm.sh/@jsr/std__io@0.223.0/denonext/types.mjs": "16b5c4de3f76021aee989846ae681f297055ac4dc2b1455b94806a51b50b58f7",
    "https://esm.sh/@jsr/std__io@0.223.0/denonext/write-all.mjs": "9249d68dca215ce046d4fea07f13cf45d7ae366c497af57607609cef2025d467",
    "https://esm.sh/@jsr/std__path@0.223.0/denonext/_common/assert_path.mjs": "15c6e8c06645f9be0fb1730f679540577eebbdfbd902b2fc86a4427fc4f495e5",
    "https://esm.sh/@jsr/std__path@0.223.0/denonext/_common/basename.mjs": "f02fc51cfc22fb5ccd3b7f818cccee75b348a27c8520080e3596774a1a51f4af",
    "https://esm.sh/@jsr/std__path@0.223.0/denonext/_common/common.mjs": "5677b975eb21e1361bc93d8bf030b579125e6abcf2d685e8f2dcafc7963247b7",
    "https://esm.sh/@jsr/std__path@0.223.0/denonext/_common/constants.mjs": "d20a8d99e43c7a6625f7c8fc56881a4ddee8f493f8748d0c2d585d453ed0ac90",
    "https://esm.sh/@jsr/std__path@0.223.0/denonext/_common/dirname.mjs": "16f5748ab36e6f0bd3ab91a1cfd0bd38a6ac3178d43df66bf3e08facd4e03563",
    "https://esm.sh/@jsr/std__path@0.223.0/denonext/_common/format.mjs": "9bd702e9b40e83d4ce50d288c2455d4579c738aa2597d5178722835f4e2280d6",
    "https://esm.sh/@jsr/std__path@0.223.0/denonext/_common/from_file_url.mjs": "8effeca7c4f33c95ad634b9b2c16134742b393705339b24477336e6c87bd3808",
    "https://esm.sh/@jsr/std__path@0.223.0/denonext/_common/glob_to_reg_exp.mjs": "cbf7bd9cfa4d74aaf0812a3ff60e45718639c6846c75aca2c69377932bf970f6",
    "https://esm.sh/@jsr/std__path@0.223.0/denonext/_common/normalize.mjs": "b5eba50165c33c08ca2574b61f73002bda9aeb7a2b164f08adbea8868803631a",
    "https://esm.sh/@jsr/std__path@0.223.0/denonext/_common/normalize_string.mjs": "e2baa8c1f2ac09a5598409a1833036ee553ef0ab2ffedd5c5b208134ca3243a2",
    "https://esm.sh/@jsr/std__path@0.223.0/denonext/_common/relative.mjs": "359e10f30c5acda4675585e31116618c68cfa976e5896bf6eb513501e3bfa2b8",
    "https://esm.sh/@jsr/std__path@0.223.0/denonext/_common/strip_trailing_separators.mjs": "62f34ab59ce775a6ae4c36684d11493a72b3d52e79a03a6f44a1e89902c6c951",
    "https://esm.sh/@jsr/std__path@0.223.0/denonext/_common/to_file_url.mjs": "3e87525f33fcd0892ada3361404d463a84f676fe0a4bc6c0477f8dc817f477dd",
    "https://esm.sh/@jsr/std__path@0.223.0/denonext/_interface.mjs": "178020fb9d2c2a1f76538c84bf43281b3ee722ad5e8c2e3bcee47c51e481a4a4",
    "https://esm.sh/@jsr/std__path@0.223.0/denonext/_os.mjs": "7029e9455154d3bc51e790478c26990a7fd939d9845a6e0dfcd1ff829d25822b",
    "https://esm.sh/@jsr/std__path@0.223.0/denonext/basename.mjs": "7a889c6f053a57b27c1e6e7beaeb798d98a41b99ef688d62c49e62b2874c80ad",
    "https://esm.sh/@jsr/std__path@0.223.0/denonext/common.mjs": "ce2f6aee3316923c667582bf8ba9c8f0e2a637edc3a774bea2b9fc17016b4ba3",
    "https://esm.sh/@jsr/std__path@0.223.0/denonext/constants.mjs": "74353056085de4c6716ba3c6d559b705bcab2a335372a271609e55960a7635e5",
    "https://esm.sh/@jsr/std__path@0.223.0/denonext/dirname.mjs": "0ac149f144c7f4a69b0a17d259b02a5d3452112b9ba4a08d7e6d5207c9a2d2f9",
    "https://esm.sh/@jsr/std__path@0.223.0/denonext/extname.mjs": "902a9595a16b348dc71558da9920637d797ba632dbe63bce325ec0ca38d016d6",
    "https://esm.sh/@jsr/std__path@0.223.0/denonext/format.mjs": "f758b59425501fd0f1530e1de4763f9baefaf8a7d9d195cfb9ed6e303c128cb6",
    "https://esm.sh/@jsr/std__path@0.223.0/denonext/from-file-url.mjs": "11097b33209fd972ce35e009e1b38c6b183a89a7176265bc657c92eebbdc7951",
    "https://esm.sh/@jsr/std__path@0.223.0/denonext/glob-to-regexp.mjs": "940963dd6a3a037a9bdc083020a3b8c785b7482a8697256e26ed2552948f63a9",
    "https://esm.sh/@jsr/std__path@0.223.0/denonext/is-absolute.mjs": "c9f748a6322449133d8f25fcf6ae0229dd459dbdfdffddfd563762f951217e72",
    "https://esm.sh/@jsr/std__path@0.223.0/denonext/is-glob.mjs": "86235bc0fbac3016bcb15c3465d684b7ac38557d93fd0d73a7d99a12f2846a6d",
    "https://esm.sh/@jsr/std__path@0.223.0/denonext/join-globs.mjs": "31e8861f01b30c98c4a721800a6bcda6d2a3d8ceeada8492d93d2c85ce125148",
    "https://esm.sh/@jsr/std__path@0.223.0/denonext/join.mjs": "075ea639ba4fd2938d01882f30af61446a3e9440317e121175d33e1a17aa7fe9",
    "https://esm.sh/@jsr/std__path@0.223.0/denonext/normalize-glob.mjs": "ffcb3d7913c65651544d5071bb1bbe351d15ffedd9b84791acb52f1e64fb41fe",
    "https://esm.sh/@jsr/std__path@0.223.0/denonext/normalize.mjs": "f795f372e725ce09046377e881889080de8e2e932732ff962f06c6bfe1e00394",
    "https://esm.sh/@jsr/std__path@0.223.0/denonext/parse.mjs": "beb7f2acdca75c7733289e189d5b0dd0f033cf03ea35342f7fefdaa86b4e1028",
    "https://esm.sh/@jsr/std__path@0.223.0/denonext/posix.mjs": "efef81d4a3d6f3f80ad23d9d2fdc730d2ded8e088e633ce5b4b3cafc9592773d",
    "https://esm.sh/@jsr/std__path@0.223.0/denonext/posix/_util.mjs": "0a3c600e4bcad7a6f4efa8bd213da94c704b7687be7d5984e39c22bf2a7a937e",
    "https://esm.sh/@jsr/std__path@0.223.0/denonext/posix/basename.mjs": "9075677d378c02235470c7d612f929d3210faaea17b1407d914eb374be384713",
    "https://esm.sh/@jsr/std__path@0.223.0/denonext/posix/common.mjs": "9750fdcda476fa8b80c8eb538cae4924987e547159fbc5b7a136ff065e1155d4",
    "https://esm.sh/@jsr/std__path@0.223.0/denonext/posix/constants.mjs": "d49227883fda50132edeb30cf4e2fc4eb8a45108f84a9e1fbe4211882d1772a7",
    "https://esm.sh/@jsr/std__path@0.223.0/denonext/posix/dirname.mjs": "a1a67cf7139e25e318e63d434bd2de8e5523219818a6abe29e5675a7106affc5",
    "https://esm.sh/@jsr/std__path@0.223.0/denonext/posix/extname.mjs": "8e6eedb8e4c08b434deb531076ea97d98d4d14dfea52786a86959b3f0998a65c",
    "https://esm.sh/@jsr/std__path@0.223.0/denonext/posix/format.mjs": "3a82af21b2244f033cf8f9efd2e9814f0194ff552434943450a63d55a5445613",
    "https://esm.sh/@jsr/std__path@0.223.0/denonext/posix/from-file-url.mjs": "c6d8bf2053be50cde69dcd59ef13b05f3f93f77667bd6533efcb0b265b462352",
    "https://esm.sh/@jsr/std__path@0.223.0/denonext/posix/glob-to-regexp.mjs": "dc9baaf7690440f31205af528f6bd5ba6ccfb9ae7b13b59a27a220b4ece4b42e",
    "https://esm.sh/@jsr/std__path@0.223.0/denonext/posix/is-absolute.mjs": "e16e84a2f23954442d0166a55c1b356e531fd2cb30aafb97e498584c2881b949",
    "https://esm.sh/@jsr/std__path@0.223.0/denonext/posix/is-glob.mjs": "23f9149e05bff0678f52f965a788411e43ac62d22fa53d3054098161882c4e9d",
    "https://esm.sh/@jsr/std__path@0.223.0/denonext/posix/join-globs.mjs": "e42ee179ce71ea4a9447f1e1de1f3dc87f43c1f2ea595c1648934cdbbba2c8dd",
    "https://esm.sh/@jsr/std__path@0.223.0/denonext/posix/join.mjs": "dd38da17e5cde0483e23f40b1834d232a792e5341540bfac8cfc2631cdc2e5e8",
    "https://esm.sh/@jsr/std__path@0.223.0/denonext/posix/normalize-glob.mjs": "5e2acd51ef99f6e24cf882d0535e80b164ed9eb96af648be8cfa9386d6438fe6",
    "https://esm.sh/@jsr/std__path@0.223.0/denonext/posix/normalize.mjs": "c79b1f5a61a7822e7f5acf39f6a509c4cfdfcd682a7eced7a9ddc3a1b5cdb459",
    "https://esm.sh/@jsr/std__path@0.223.0/denonext/posix/parse.mjs": "14a13d765074292a7f34177a3986ab328cb70763331fe7bafcf44502d2218271",
    "https://esm.sh/@jsr/std__path@0.223.0/denonext/posix/relative.mjs": "fd8990f894d5b7f9303134de7c6c8123bb113baf475ea9801af503cf1824f02c",
    "https://esm.sh/@jsr/std__path@0.223.0/denonext/posix/resolve.mjs": "3f8d55148f8637d1b3265ea7311e00bda619741f12508eefec1b0b5d5b4fb5ac",
    "https://esm.sh/@jsr/std__path@0.223.0/denonext/posix/to-file-url.mjs": "06757e7b0ae2ae975d81910f81dd57ff53d85182726373c2d6b73bc6f38f3ed9",
    "https://esm.sh/@jsr/std__path@0.223.0/denonext/posix/to-namespaced-path.mjs": "ac1da9fe742ce30bd3ca7189d1695fa0cb57dceaa86e3e6fdc906d9a88df8262",
    "https://esm.sh/@jsr/std__path@0.223.0/denonext/relative.mjs": "f4d78f42eb0b55cb631ffe41ae680a1e201950120d557f67af4a54c2a1fb753e",
    "https://esm.sh/@jsr/std__path@0.223.0/denonext/resolve.mjs": "d85bce322c22df28450860f3a1d342ecea4541e54e7c1270366e8714f41f20a5",
    "https://esm.sh/@jsr/std__path@0.223.0/denonext/std__path.mjs": "087d9309c50f2a7e6654c89cdb40e9afc4a81510ad185f5142cace90c01c312f",
    "https://esm.sh/@jsr/std__path@0.223.0/denonext/to-file-url.mjs": "d78f97b8771ff526cc1375085c0ddf03c7b7f8e68a3afc1eaaa9ed6e4cd81295",
    "https://esm.sh/@jsr/std__path@0.223.0/denonext/to-namespaced-path.mjs": "8e56100ad75ea441aaaacd4d61c42c731665185c13f405706b97acc2d0e40e06",
    "https://esm.sh/@jsr/std__path@0.223.0/denonext/windows.mjs": "e905bd3abfa46a81deb686c813c9a41c6f76424baf63779d595c1875805a5592",
    "https://esm.sh/@jsr/std__path@0.223.0/denonext/windows/_util.mjs": "378b435109f453d82e68960bd5c7d48c93b80db98b0ac2ec4903ab6bfeebbc95",
    "https://esm.sh/@jsr/std__path@0.223.0/denonext/windows/basename.mjs": "25858cf9f565647ca81baf386782cd3b71ba894dd7d7249b0130fffb4574cdbf",
    "https://esm.sh/@jsr/std__path@0.223.0/denonext/windows/common.mjs": "c4bbc13990d0b55897c55446745763ac88a155c74d0b6789c37f71a8d47297c5",
    "https://esm.sh/@jsr/std__path@0.223.0/denonext/windows/constants.mjs": "9d5b9348848b4ae0ba82f7ec6a3e102d3f5c5fad8f30cea4d7abad2388589ea7",
    "https://esm.sh/@jsr/std__path@0.223.0/denonext/windows/dirname.mjs": "2341fb67f6f0cb23333e35b92d0c3db951ab0c0cf0692797d24bdfc6b1e31d87",
    "https://esm.sh/@jsr/std__path@0.223.0/denonext/windows/extname.mjs": "dbb99571657b17e6c4f779df40e4a92ee5b9ce31abde2d82f4749a7c7e2bc9ca",
    "https://esm.sh/@jsr/std__path@0.223.0/denonext/windows/format.mjs": "17d303df7c8bcafe3d7d171b7c824453099dc5d0355a212d4892c7f1ef5df4da",
    "https://esm.sh/@jsr/std__path@0.223.0/denonext/windows/from-file-url.mjs": "6d7e8a45826967e2c5bdacc0b6cd24086ce54242960828c7b81033863be5950e",
    "https://esm.sh/@jsr/std__path@0.223.0/denonext/windows/glob-to-regexp.mjs": "76116d512504de4c1b6c811601d06660c80e3b6cd9974a1ca8a3fc88ffcc62bb",
    "https://esm.sh/@jsr/std__path@0.223.0/denonext/windows/is-absolute.mjs": "4f2868d36f2a7989c840a236f8cb89b2c410f403d59efae4b8737bb813efc140",
    "https://esm.sh/@jsr/std__path@0.223.0/denonext/windows/is-glob.mjs": "8b7c5df1be67e49679296840e9ae2e0414c22ca44fedcb25ee0d083e06876d36",
    "https://esm.sh/@jsr/std__path@0.223.0/denonext/windows/join-globs.mjs": "04455864907d3cac3c0fdff85bcb5e4373e69537678043bb54cd526ea157c151",
    "https://esm.sh/@jsr/std__path@0.223.0/denonext/windows/join.mjs": "cb6908d2d2b40bc32f87d75cb665698ea5efaa424fa1e0e7225e6bf98b8e27fd",
    "https://esm.sh/@jsr/std__path@0.223.0/denonext/windows/normalize-glob.mjs": "450140b9717054a12b50a9d552374e39e39c2945d65ae9bea478442d50aebd67",
    "https://esm.sh/@jsr/std__path@0.223.0/denonext/windows/normalize.mjs": "96cd14690c27cf0ae915c75c07bc281564e8e14ddb9000adfdc46f7691797290",
    "https://esm.sh/@jsr/std__path@0.223.0/denonext/windows/parse.mjs": "962f5a63008da6224a22399b073388331f05f0d44ef808b4be61b798e5dea42c",
    "https://esm.sh/@jsr/std__path@0.223.0/denonext/windows/relative.mjs": "1b8b5b0c3a434cbe31a0343a5cb64b0f513073cf21d3d434377b3080f8d698c5",
    "https://esm.sh/@jsr/std__path@0.223.0/denonext/windows/resolve.mjs": "c3594215ac0bffd0ee2e55c4103ff4160def29fda9c986675fc83b97d71bd9c2",
    "https://esm.sh/@jsr/std__path@0.223.0/denonext/windows/to-file-url.mjs": "f86b8dbe8d7ab8fbb537192e23c6c5b40e5ea9544dcd84cbeeffe6db5439eecc",
    "https://esm.sh/@jsr/std__path@0.223.0/denonext/windows/to-namespaced-path.mjs": "5a3f7840485ad46b227142a5f3cae64ada140929a26723201a4144a47d6b9d8f",
    "https://esm.sh/jsr/@d2verb/pera@0.0.10?deps=preact@10.27.2,preact-render-to-string@6.6.2": "0e8881c1cb8803ee3db66478d4ae3be3fac52ed9e1f3f636190b656f6d8559ce",
    "https://esm.sh/jsr/@d2verb/pera@0.0.8-alpha.1": "58b73fe460dd7b520d6ad1006cf806d5eff4431ef39e3e9e2fcf29ff871c589e",
    "https://esm.sh/jsr/@deno/emit@0.46.0?target=denonext": "0d80b0356aeabb74e9c1e4b013ca2b9c2302daac71235106ac6cc74b6e1cf8a3",
    "https://esm.sh/jsr/@std/assert@0.223.0/assert?target=denonext": "d45855cd61bdce263f49b6b8c08bee956c048b47c12d1fa38b75ffcbe5b5ce26",
    "https://esm.sh/jsr/@std/bytes@0.223.0/concat?target=denonext": "877045ebe23999eeb41e110f3e3c2a9e5ba32a525b118cff04e67d6d22f82b27",
    "https://esm.sh/jsr/@std/bytes@0.223.0/copy?target=denonext": "80284ff7b8d769317a0a9e6ef66de22a546fe42d5da321ee11b529465349b420",
    "https://esm.sh/jsr/@std/fmt@0.223.0/colors?target=denonext": "aeb6d0149136ab04e0e2ab89f74cd1a273ce4a3e284f617f523f4e8f4f9119ce",
    "https://esm.sh/jsr/@std/fs@0.223.0/ensure-dir?target=denonext": "1efe85c82928da67146cc16e91b15d6b885814aa8e4700bbaa2a58c795991ef8",
    "https://esm.sh/jsr/@std/io@0.223.0?target=denonext": "80967809c6bf839fabc06b4faf8641c49a363ccb2f1e06f020698478ebae6b74",
    "https://esm.sh/jsr/@std/path@0.223.0?target=denonext": "edc2e33ffd49711492e1627a56794e4defae3c9170ac3cdfaca011775acc067d",
    "https://esm.sh/preact-render-to-string@6.6.2": "6b668e6b5aff04befbacb81011cc473b9a5187ea6e1f9fc96eff018f5f3b3371",
    "https://esm.sh/preact-render-to-string@6.6.2/X-ZHByZWFjdEAxMC4yNy4y/denonext/preact-render-to-string.mjs": "882a47f02abfe9084a213e234f0b22d2ccbb8209d9a1de6456e02315bda5d962",
    "https://esm.sh/preact-render-to-string@6.6.2/denonext/preact-render-to-string.mjs": "dff216997a3a36f6cdbb2e7fbc50b85eb00e04c5c7843ee519239af296c6f189",
    "https://esm.sh/preact-render-to-string@6.6.2?deps=preact@10.27.2": "d53cc3dd611e6dc53c336a037f3ea11170a3a2a39760893d51c044fa2f367071",
    "https://esm.sh/preact@10.27.2": "3aff415ce76d0d09dcaa5b51e636f7309ae3cb8faae26ef2177ab433b8834701",
    "https://esm.sh/preact@10.27.2/denonext/hooks.mjs": "aeca6fd4003b6f3df4805684d0f1fd63fa881e4501bfddcba276a5d23250b9ce",
    "https://esm.sh/preact@10.27.2/denonext/jsx-runtime.mjs": "33dcbec61739126aac6a8596d3d8fc2dd44ef0038fd8e398e94d03f2bcc36ea1",
    "https://esm.sh/preact@10.27.2/denonext/preact.mjs": "9bdadca1e1a6732eab00de7e38cb26c08ec277fa2dddbfb2d5259e54b15450bb",
    "https://esm.sh/preact@10.27.2/hooks": "4557f63d768049cd4469c9b119a34e18b7918428520678cf72c9195f6b07cea8",
    "https://esm.sh/preact@10.27.2/jsx-runtime": "47eea90062ca8af935c0018026958ab025fea5ef1307ee07f73eff4386200167",
    "https://esm.sh/preact@11.0.0-experimental.1/denonext/preact.mjs": "1bf5b1144bcabad34fca733c8a57bc967d76cd413f4fc6da4e8301bf15032323",
    "https://esm.sh/preact@11.0.0-experimental.1?target=denonext": "910ec75361dc8b73a3bc91818690e57b684f13f0d823bb23705877740b3404df"
  },
  "workspace": {
    "dependencies": [
      "jsr:@deno/emit@0.46",
      "jsr:@std/assert@1",
      "jsr:@std/async@^1.0.14",
      "jsr:@std/path@^1.1.2",
      "jsr:@std/testing@^1.0.15",
      "npm:lefthook@^1.13.6",
      "npm:preact-render-to-string@6.6.2",
      "npm:preact@10.27.2"
    ]
  }
}
